
Microsoft Visual Studio Solution File, Format Version 12.00
# Visual Studio 15
VisualStudioVersion = 15.0.27703.2042
MinimumVisualStudioVersion = 10.0.40219.1
Project("{FAE04EC0-301F-11D3-BF4B-00C04F79EFBC}") = "RedisPOC", "RedisPOC\RedisPOC.csproj", "{DEF77345-EA70-43C9-98A9-37729FA0A339}"
EndProject
Global
	GlobalSection(SolutionConfigurationPlatforms) = preSolution
		Debug|Any CPU = Debug|Any CPU
		Release|Any CPU = Release|Any CPU
	EndGlobalSection
	GlobalSection(ProjectConfigurationPlatforms) = postSolution
		{DEF77345-EA70-43C9-98A9-37729FA0A339}.Debug|Any CPU.ActiveCfg = Debug|Any CPU
		{DEF77345-EA70-43C9-98A9-37729FA0A339}.Debug|Any CPU.Build.0 = Debug|Any CPU
		{DEF77345-EA70-43C9-98A9-37729FA0A339}.Release|Any CPU.ActiveCfg = Release|Any CPU
		{DEF77345-EA70-43C9-98A9-37729FA0A339}.Release|Any CPU.Build.0 = Release|Any CPU
	EndGlobalSection
	GlobalSection(SolutionProperties) = preSolution
		HideSolutionNode = FALSE
	EndGlobalSection
	GlobalSection(ExtensibilityGlobals) = postSolution
		SolutionGuid = {2C3FE248-0FDE-4170-97A3-2529375B417A}
	EndGlobalSection
EndGlobal
